
Microsoft Visual Studio Solution File, Format Version 12.00
Project("{FAE04EC0-301F-11D3-BF4B-00C04F79EFBC}") = "Consolegram.Local", "Consolegram.Local\Consolegram.Local.csproj", "{43971041-5FB9-40FE-9990-4109781E8182}"
EndProject
Project("{FAE04EC0-301F-11D3-BF4B-00C04F79EFBC}") = "Consolegram", "Consolegram\Consolegram.csproj", "{98E18368-85EE-4EFF-ABAC-91BC24E6ACAD}"
EndProject
Global
	GlobalSection(SolutionConfigurationPlatforms) = preSolution
		Debug|Any CPU = Debug|Any CPU
		Release|Any CPU = Release|Any CPU
	EndGlobalSection
	GlobalSection(ProjectConfigurationPlatforms) = postSolution
		{43971041-5FB9-40FE-9990-4109781E8182}.Debug|Any CPU.ActiveCfg = Debug|Any CPU
		{43971041-5FB9-40FE-9990-4109781E8182}.Debug|Any CPU.Build.0 = Debug|Any CPU
		{43971041-5FB9-40FE-9990-4109781E8182}.Release|Any CPU.ActiveCfg = Release|Any CPU
		{43971041-5FB9-40FE-9990-4109781E8182}.Release|Any CPU.Build.0 = Release|Any CPU
		{98E18368-85EE-4EFF-ABAC-91BC24E6ACAD}.Debug|Any CPU.ActiveCfg = Debug|Any CPU
		{98E18368-85EE-4EFF-ABAC-91BC24E6ACAD}.Debug|Any CPU.Build.0 = Debug|Any CPU
		{98E18368-85EE-4EFF-ABAC-91BC24E6ACAD}.Release|Any CPU.ActiveCfg = Release|Any CPU
		{98E18368-85EE-4EFF-ABAC-91BC24E6ACAD}.Release|Any CPU.Build.0 = Release|Any CPU
	EndGlobalSection
EndGlobal
